
Microsoft Visual Studio Solution File, Format Version 12.00
# Visual Studio Version 17
VisualStudioVersion = 17.4.33122.133
MinimumVisualStudioVersion = 10.0.40219.1
Project("{FAE04EC0-301F-11D3-BF4B-00C04F79EFBC}") = "image-overlay", "image-overlay\image-overlay.csproj", "{D2516F24-C642-49A7-B03A-EB26FBB260C0}"
EndProject
Global
	GlobalSection(SolutionConfigurationPlatforms) = preSolution
		Debug|Any CPU = Debug|Any CPU
		Release|Any CPU = Release|Any CPU
	EndGlobalSection
	GlobalSection(ProjectConfigurationPlatforms) = postSolution
		{D2516F24-C642-49A7-B03A-EB26FBB260C0}.Debug|Any CPU.ActiveCfg = Debug|Any CPU
		{D2516F24-C642-49A7-B03A-EB26FBB260C0}.Debug|Any CPU.Build.0 = Debug|Any CPU
		{D2516F24-C642-49A7-B03A-EB26FBB260C0}.Release|Any CPU.ActiveCfg = Release|Any CPU
		{D2516F24-C642-49A7-B03A-EB26FBB260C0}.Release|Any CPU.Build.0 = Release|Any CPU
	EndGlobalSection
	GlobalSection(SolutionProperties) = preSolution
		HideSolutionNode = FALSE
	EndGlobalSection
	GlobalSection(ExtensibilityGlobals) = postSolution
		SolutionGuid = {6355F050-6238-49C3-8753-68688321B89B}
	EndGlobalSection
EndGlobal
